
Microsoft Visual Studio Solution File, Format Version 11.00
# Visual Studio 2010
Project("{FAE04EC0-301F-11D3-BF4B-00C04F79EFBC}") = "SuperTounsiBackup", "Assembly-CSharp-firstpass.csproj", "{809300B2-1C96-DB2F-F11D-5C0AE1062C8C}"
EndProject
Project("{FAE04EC0-301F-11D3-BF4B-00C04F79EFBC}") = "SuperTounsiBackup", "Assembly-CSharp.csproj", "{F42855AE-E30F-22DC-9BA4-AF7C9E20A0C6}"
EndProject
Project("{FAE04EC0-301F-11D3-BF4B-00C04F79EFBC}") = "SuperTounsiBackup", "Assembly-CSharp-Editor.csproj", "{0A99707D-7183-8CCF-DA81-DB8532D9F069}"
EndProject
Global
	GlobalSection(SolutionConfigurationPlatforms) = preSolution
		Debug|Any CPU = Debug|Any CPU
		Release|Any CPU = Release|Any CPU
	EndGlobalSection
	GlobalSection(ProjectConfigurationPlatforms) = postSolution
		{809300B2-1C96-DB2F-F11D-5C0AE1062C8C}.Debug|Any CPU.ActiveCfg = Debug|Any CPU
		{809300B2-1C96-DB2F-F11D-5C0AE1062C8C}.Debug|Any CPU.Build.0 = Debug|Any CPU
		{809300B2-1C96-DB2F-F11D-5C0AE1062C8C}.Release|Any CPU.ActiveCfg = Release|Any CPU
		{809300B2-1C96-DB2F-F11D-5C0AE1062C8C}.Release|Any CPU.Build.0 = Release|Any CPU
		{F42855AE-E30F-22DC-9BA4-AF7C9E20A0C6}.Debug|Any CPU.ActiveCfg = Debug|Any CPU
		{F42855AE-E30F-22DC-9BA4-AF7C9E20A0C6}.Debug|Any CPU.Build.0 = Debug|Any CPU
		{F42855AE-E30F-22DC-9BA4-AF7C9E20A0C6}.Release|Any CPU.ActiveCfg = Release|Any CPU
		{F42855AE-E30F-22DC-9BA4-AF7C9E20A0C6}.Release|Any CPU.Build.0 = Release|Any CPU
		{0A99707D-7183-8CCF-DA81-DB8532D9F069}.Debug|Any CPU.ActiveCfg = Debug|Any CPU
		{0A99707D-7183-8CCF-DA81-DB8532D9F069}.Debug|Any CPU.Build.0 = Debug|Any CPU
		{0A99707D-7183-8CCF-DA81-DB8532D9F069}.Release|Any CPU.ActiveCfg = Release|Any CPU
		{0A99707D-7183-8CCF-DA81-DB8532D9F069}.Release|Any CPU.Build.0 = Release|Any CPU
	EndGlobalSection
	GlobalSection(SolutionProperties) = preSolution
		HideSolutionNode = FALSE
	EndGlobalSection
	GlobalSection(MonoDevelopProperties) = preSolution
		StartupItem = Assembly-CSharp.csproj
	EndGlobalSection
EndGlobal
